PODS:
  - Alamofire (3.3.0)
  - Cloudinary (1.0.15)
  - Firebase (2.5.1)
  - Kingfisher (2.4.1)

DEPENDENCIES:
  - Alamofire (~> 3.0)
  - Cloudinary
  - Firebase (>= 2.5.0)
  - Kingfisher (~> 2.4)

SPEC CHECKSUMS:
  Alamofire: 9054db4a1b1ca9e363223183e01cea380159a27c
  Cloudinary: f80af4565ec08c521d5e58cb56d9fbe1e4595e40
  Firebase: 3565ea88b830f28f2c77ecc524622bc71a20d085
  Kingfisher: 41aed5b6c1ed8fa98cf6d75283ce89cf7890f517

COCOAPODS: 0.39.0
